
Microsoft Visual Studio Solution File, Format Version 12.00
Project("{FAE04EC0-301F-11D3-BF4B-00C04F79EFBC}") = "TrackToys", "TrackToys\TrackToys.csproj", "{71A04E59-3CFD-4C5C-88F0-7DB6E01EE8FC}"
EndProject
Global
	GlobalSection(SolutionConfigurationPlatforms) = preSolution
		Debug|Any CPU = Debug|Any CPU
		Release|Any CPU = Release|Any CPU
	EndGlobalSection
	GlobalSection(ProjectConfigurationPlatforms) = postSolution
		{71A04E59-3CFD-4C5C-88F0-7DB6E01EE8FC}.Debug|Any CPU.ActiveCfg = Debug|Any CPU
		{71A04E59-3CFD-4C5C-88F0-7DB6E01EE8FC}.Debug|Any CPU.Build.0 = Debug|Any CPU
		{71A04E59-3CFD-4C5C-88F0-7DB6E01EE8FC}.Release|Any CPU.ActiveCfg = Release|Any CPU
		{71A04E59-3CFD-4C5C-88F0-7DB6E01EE8FC}.Release|Any CPU.Build.0 = Release|Any CPU
	EndGlobalSection
EndGlobal
